lockfileVersion: '9.0'

settings:
  autoInstallPeers: true
  excludeLinksFromLockfile: false

importers:

  .:
    dependencies:
      highlight.js:
        specifier: 11.11.1
        version: 11.11.1
      markdown-it:
        specifier: 14.1.0
        version: 14.1.0
    devDependencies:
      '@sveltejs/vite-plugin-svelte':
        specifier: ^6.2.1
        version: 6.2.4(rolldown-vite@7.2.5(@types/node@24.10.7)(less@4.5.1)(sass@1.97.2))(svelte@5.46.1)
      '@tsconfig/svelte':
        specifier: ^5.0.6
        version: 5.0.6
      '@types/markdown-it':
        specifier: 14.1.2
        version: 14.1.2
      '@types/node':
        specifier: ^24.10.1
        version: 24.10.7
      chokidar:
        specifier: 5.0.0
        version: 5.0.0
      less:
        specifier: 4.5.1
        version: 4.5.1
      sass:
        specifier: 1.97.2
        version: 1.97.2
      svelte:
        specifier: ^5.43.8
        version: 5.46.1
      svelte-check:
        specifier: ^4.3.4
        version: 4.3.5(picomatch@4.0.3)(svelte@5.46.1)(typescript@5.9.3)
      typescript:
        specifier: ~5.9.3
        version: 5.9.3
      vite:
        specifier: npm:rolldown-vite@7.2.5
        version: rolldown-vite@7.2.5(@types/node@24.10.7)(less@4.5.1)(sass@1.97.2)

packages:

  '@emnapi/core@1.8.1':
    resolution: {integrity: sha512-AvT9QFpxK0Zd8J0jopedNm+w/2fIzvtPKPjqyw9jwvBaReTTqPBk9Hixaz7KbjimP+QNz605/XnjFcDAL2pqBg==}

  '@emnapi/runtime@1.8.1':
    resolution: {integrity: sha512-mehfKSMWjjNol8659Z8KxEMrdSJDDot5SXMq00dM8BN4o+CLNXQ0xH2V7EchNHV4RmbZLmmPdEaXZc5H2FXmDg==}

  '@emnapi/wasi-threads@1.1.0':
    resolution: {integrity: sha512-WI0DdZ8xFSbgMjR1sFsKABJ/C5OnRrjT06JXbZKexJGrDuPTzZdDYfFlsgcCXCyf+suG5QU2e/y1Wo2V/OapLQ==}

  '@jridgewell/gen-mapping@0.3.13':
    resolution: {integrity: sha512-2kkt/7niJ6MgEPxF0bYdQ6etZaA+fQvDcLKckhy1yIQOzaoKjBBjSj63/aLVjYE3qhRt5dvM+uUyfCg6UKCBbA==}

  '@jridgewell/remapping@2.3.5':
    resolution: {integrity: sha512-LI9u/+laYG4Ds1TDKSJW2YPrIlcVYOwi2fUC6xB43lueCjgxV4lffOCZCtYFiH6TNOX+tQKXx97T4IKHbhyHEQ==}

  '@jridgewell/resolve-uri@3.1.2':
    resolution: {integrity: sha512-bRISgCIjP20/tbWSPWMEi54QVPRZExkuD9lJL+UIxUKtwVJA8wW1Trb1jMs1RFXo1CBTNZ/5hpC9QvmKWdopKw==}
    engines: {node: '>=6.0.0'}

  '@jridgewell/sourcemap-codec@1.5.5':
    resolution: {integrity: sha512-cYQ9310grqxueWbl+WuIUIaiUaDcj7WOq5fVhEljNVgRfOUhY9fy2zTvfoqWsnebh8Sl70VScFbICvJnLKB0Og==}

  '@jridgewell/trace-mapping@0.3.31':
    resolution: {integrity: sha512-zzNR+SdQSDJzc8joaeP8QQoCQr8NuYx2dIIytl1QeBEZHJ9uW6hebsrYgbz8hJwUQao3TWCMtmfV8Nu1twOLAw==}

  '@napi-rs/wasm-runtime@1.1.1':
    resolution: {integrity: sha512-p64ah1M1ld8xjWv3qbvFwHiFVWrq1yFvV4f7w+mzaqiR4IlSgkqhcRdHwsGgomwzBH51sRY4NEowLxnaBjcW/A==}

  '@oxc-project/runtime@0.97.0':
    resolution: {integrity: sha512-yH0zw7z+jEws4dZ4IUKoix5Lh3yhqIJWF9Dc8PWvhpo7U7O+lJrv7ZZL4BeRO0la8LBQFwcCewtLBnVV7hPe/w==}
    engines: {node: ^20.19.0 || >=22.12.0}

  '@oxc-project/types@0.97.0':
    resolution: {integrity: sha512-lxmZK4xFrdvU0yZiDwgVQTCvh2gHWBJCBk5ALsrtsBWhs0uDIi+FTOnXRQeQfs304imdvTdaakT/lqwQ8hkOXQ==}

  '@parcel/watcher-android-arm64@2.5.4':
    resolution: {integrity: sha512-hoh0vx4v+b3BNI7Cjoy2/B0ARqcwVNrzN/n7DLq9ZB4I3lrsvhrkCViJyfTj/Qi5xM9YFiH4AmHGK6pgH1ss7g==}
    engines: {node: '>= 10.0.0'}
    cpu: [arm64]
    os: [android]

  '@parcel/watcher-darwin-arm64@2.5.4':
    resolution: {integrity: sha512-kphKy377pZiWpAOyTgQYPE5/XEKVMaj6VUjKT5VkNyUJlr2qZAn8gIc7CPzx+kbhvqHDT9d7EqdOqRXT6vk0zw==}
    engines: {node: '>= 10.0.0'}
    cpu: [arm64]
    os: [darwin]

  '@parcel/watcher-darwin-x64@2.5.4':
    resolution: {integrity: sha512-UKaQFhCtNJW1A9YyVz3Ju7ydf6QgrpNQfRZ35wNKUhTQ3dxJ/3MULXN5JN/0Z80V/KUBDGa3RZaKq1EQT2a2gg==}
    engines: {node: '>= 10.0.0'}
    cpu: [x64]
    os: [darwin]

  '@parcel/watcher-freebsd-x64@2.5.4':
    resolution: {integrity: sha512-Dib0Wv3Ow/m2/ttvLdeI2DBXloO7t3Z0oCp4bAb2aqyqOjKPPGrg10pMJJAQ7tt8P4V2rwYwywkDhUia/FgS+Q==}
    engines: {node: '>= 10.0.0'}
    cpu: [x64]
    os: [freebsd]

  '@parcel/watcher-linux-arm-glibc@2.5.4':
    resolution: {integrity: sha512-I5Vb769pdf7Q7Sf4KNy8Pogl/URRCKu9ImMmnVKYayhynuyGYMzuI4UOWnegQNa2sGpsPSbzDsqbHNMyeyPCgw==}
    engines: {node: '>= 10.0.0'}
    cpu: [arm]
    os: [linux]

  '@parcel/watcher-linux-arm-musl@2.5.4':
    resolution: {integrity: sha512-kGO8RPvVrcAotV4QcWh8kZuHr9bXi9a3bSZw7kFarYR0+fGliU7hd/zevhjw8fnvIKG3J9EO5G6sXNGCSNMYPQ==}
    engines: {node: '>= 10.0.0'}
    cpu: [arm]
    os: [linux]

  '@parcel/watcher-linux-arm64-glibc@2.5.4':
    resolution: {integrity: sha512-KU75aooXhqGFY2W5/p8DYYHt4hrjHZod8AhcGAmhzPn/etTa+lYCDB2b1sJy3sWJ8ahFVTdy+EbqSBvMx3iFlw==}
    engines: {node: '>= 10.0.0'}
    cpu: [arm64]
    os: [linux]

  '@parcel/watcher-linux-arm64-musl@2.5.4':
    resolution: {integrity: sha512-Qx8uNiIekVutnzbVdrgSanM+cbpDD3boB1f8vMtnuG5Zau4/bdDbXyKwIn0ToqFhIuob73bcxV9NwRm04/hzHQ==}
    engines: {node: '>= 10.0.0'}
    cpu: [arm64]
    os: [linux]

  '@parcel/watcher-linux-x64-glibc@2.5.4':
    resolution: {integrity: sha512-UYBQvhYmgAv61LNUn24qGQdjtycFBKSK3EXr72DbJqX9aaLbtCOO8+1SkKhD/GNiJ97ExgcHBrukcYhVjrnogA==}
    engines: {node: '>= 10.0.0'}
    cpu: [x64]
    os: [linux]

  '@parcel/watcher-linux-x64-musl@2.5.4':
    resolution: {integrity: sha512-YoRWCVgxv8akZrMhdyVi6/TyoeeMkQ0PGGOf2E4omODrvd1wxniXP+DBynKoHryStks7l+fDAMUBRzqNHrVOpg==}
    engines: {node: '>= 10.0.0'}
    cpu: [x64]
    os: [linux]

  '@parcel/watcher-win32-arm64@2.5.4':
    resolution: {integrity: sha512-iby+D/YNXWkiQNYcIhg8P5hSjzXEHaQrk2SLrWOUD7VeC4Ohu0WQvmV+HDJokZVJ2UjJ4AGXW3bx7Lls9Ln4TQ==}
    engines: {node: '>= 10.0.0'}
    cpu: [arm64]
    os: [win32]

  '@parcel/watcher-win32-ia32@2.5.4':
    resolution: {integrity: sha512-vQN+KIReG0a2ZDpVv8cgddlf67J8hk1WfZMMP7sMeZmJRSmEax5xNDNWKdgqSe2brOKTQQAs3aCCUal2qBHAyg==}
    engines: {node: '>= 10.0.0'}
    cpu: [ia32]
    os: [win32]

  '@parcel/watcher-win32-x64@2.5.4':
    resolution: {integrity: sha512-3A6efb6BOKwyw7yk9ro2vus2YTt2nvcd56AuzxdMiVOxL9umDyN5PKkKfZ/gZ9row41SjVmTVQNWQhaRRGpOKw==}
    engines: {node: '>= 10.0.0'}
    cpu: [x64]
    os: [win32]

  '@parcel/watcher@2.5.4':
    resolution: {integrity: sha512-WYa2tUVV5HiArWPB3ydlOc4R2ivq0IDrlqhMi3l7mVsFEXNcTfxYFPIHXHXIh/ca/y/V5N4E1zecyxdIBjYnkQ==}
    engines: {node: '>= 10.0.0'}

  '@rolldown/binding-android-arm64@1.0.0-beta.50':
    resolution: {integrity: sha512-XlEkrOIHLyGT3avOgzfTFSjG+f+dZMw+/qd+Y3HLN86wlndrB/gSimrJCk4gOhr1XtRtEKfszpadI3Md4Z4/Ag==}
    engines: {node: ^20.19.0 || >=22.12.0}
    cpu: [arm64]
    os: [android]

  '@rolldown/binding-darwin-arm64@1.0.0-beta.50':
    resolution: {integrity: sha512-+JRqKJhoFlt5r9q+DecAGPLZ5PxeLva+wCMtAuoFMWPoZzgcYrr599KQ+Ix0jwll4B4HGP43avu9My8KtSOR+w==}
    engines: {node: ^20.19.0 || >=22.12.0}
    cpu: [arm64]
    os: [darwin]

  '@rolldown/binding-darwin-x64@1.0.0-beta.50':
    resolution: {integrity: sha512-fFXDjXnuX7/gQZQm/1FoivVtRcyAzdjSik7Eo+9iwPQ9EgtA5/nB2+jmbzaKtMGG3q+BnZbdKHCtOacmNrkIDA==}
    engines: {node: ^20.19.0 || >=22.12.0}
    cpu: [x64]
    os: [darwin]

  '@rolldown/binding-freebsd-x64@1.0.0-beta.50':
    resolution: {integrity: sha512-F1b6vARy49tjmT/hbloplzgJS7GIvwWZqt+tAHEstCh0JIh9sa8FAMVqEmYxDviqKBaAI8iVvUREm/Kh/PD26Q==}
    engines: {node: ^20.19.0 || >=22.12.0}
    cpu: [x64]
    os: [freebsd]

  '@rolldown/binding-linux-arm-gnueabihf@1.0.0-beta.50':
    resolution: {integrity: sha512-U6cR76N8T8M6lHj7EZrQ3xunLPxSvYYxA8vJsBKZiFZkT8YV4kjgCO3KwMJL0NOjQCPGKyiXO07U+KmJzdPGRw==}
    engines: {node: ^20.19.0 || >=22.12.0}
    cpu: [arm]
    os: [linux]

  '@rolldown/binding-linux-arm64-gnu@1.0.0-beta.50':
    resolution: {integrity: sha512-ONgyjofCrrE3bnh5GZb8EINSFyR/hmwTzZ7oVuyUB170lboza1VMCnb8jgE6MsyyRgHYmN8Lb59i3NKGrxrYjw==}
    engines: {node: ^20.19.0 || >=22.12.0}
    cpu: [arm64]
    os: [linux]

  '@rolldown/binding-linux-arm64-musl@1.0.0-beta.50':
    resolution: {integrity: sha512-L0zRdH2oDPkmB+wvuTl+dJbXCsx62SkqcEqdM+79LOcB+PxbAxxjzHU14BuZIQdXcAVDzfpMfaHWzZuwhhBTcw==}
    engines: {node: ^20.19.0 || >=22.12.0}
    cpu: [arm64]
    os: [linux]

  '@rolldown/binding-linux-x64-gnu@1.0.0-beta.50':
    resolution: {integrity: sha512-gyoI8o/TGpQd3OzkJnh1M2kxy1Bisg8qJ5Gci0sXm9yLFzEXIFdtc4EAzepxGvrT2ri99ar5rdsmNG0zP0SbIg==}
    engines: {node: ^20.19.0 || >=22.12.0}
    cpu: [x64]
    os: [linux]

  '@rolldown/binding-linux-x64-musl@1.0.0-beta.50':
    resolution: {integrity: sha512-zti8A7M+xFDpKlghpcCAzyOi+e5nfUl3QhU023ce5NCgUxRG5zGP2GR9LTydQ1rnIPwZUVBWd4o7NjZDaQxaXA==}
    engines: {node: ^20.19.0 || >=22.12.0}
    cpu: [x64]
    os: [linux]

  '@rolldown/binding-openharmony-arm64@1.0.0-beta.50':
    resolution: {integrity: sha512-eZUssog7qljrrRU9Mi0eqYEPm3Ch0UwB+qlWPMKSUXHNqhm3TvDZarJQdTevGEfu3EHAXJvBIe0YFYr0TPVaMA==}
    engines: {node: ^20.19.0 || >=22.12.0}
    cpu: [arm64]
    os: [openharmony]

  '@rolldown/binding-wasm32-wasi@1.0.0-beta.50':
    resolution: {integrity: sha512-nmCN0nIdeUnmgeDXiQ+2HU6FT162o+rxnF7WMkBm4M5Ds8qTU7Dzv2Wrf22bo4ftnlrb2hKK6FSwAJSAe2FWLg==}
    engines: {node: '>=14.0.0'}
    cpu: [wasm32]

  '@rolldown/binding-win32-arm64-msvc@1.0.0-beta.50':
    resolution: {integrity: sha512-7kcNLi7Ua59JTTLvbe1dYb028QEPaJPJQHqkmSZ5q3tJueUeb6yjRtx8mw4uIqgWZcnQHAR3PrLN4XRJxvgIkA==}
    engines: {node: ^20.19.0 || >=22.12.0}
    cpu: [arm64]
    os: [win32]

  '@rolldown/binding-win32-ia32-msvc@1.0.0-beta.50':
    resolution: {integrity: sha512-lL70VTNvSCdSZkDPPVMwWn/M2yQiYvSoXw9hTLgdIWdUfC3g72UaruezusR6ceRuwHCY1Ayu2LtKqXkBO5LIwg==}
    engines: {node: ^20.19.0 || >=22.12.0}
    cpu: [ia32]
    os: [win32]

  '@rolldown/binding-win32-x64-msvc@1.0.0-beta.50':
    resolution: {integrity: sha512-4qU4x5DXWB4JPjyTne/wBNPqkbQU8J45bl21geERBKtEittleonioACBL1R0PsBu0Aq21SwMK5a9zdBkWSlQtQ==}
    engines: {node: ^20.19.0 || >=22.12.0}
    cpu: [x64]
    os: [win32]

  '@rolldown/pluginutils@1.0.0-beta.50':
    resolution: {integrity: sha512-5e76wQiQVeL1ICOZVUg4LSOVYg9jyhGCin+icYozhsUzM+fHE7kddi1bdiE0jwVqTfkjba3jUFbEkoC9WkdvyA==}

  '@sveltejs/acorn-typescript@1.0.8':
    resolution: {integrity: sha512-esgN+54+q0NjB0Y/4BomT9samII7jGwNy/2a3wNZbT2A2RpmXsXwUt24LvLhx6jUq2gVk4cWEvcRO6MFQbOfNA==}
    peerDependencies:
      acorn: ^8.9.0

  '@sveltejs/vite-plugin-svelte-inspector@5.0.2':
    resolution: {integrity: sha512-TZzRTcEtZffICSAoZGkPSl6Etsj2torOVrx6Uw0KpXxrec9Gg6jFWQ60Q3+LmNGfZSxHRCZL7vXVZIWmuV50Ig==}
    engines: {node: ^20.19 || ^22.12 || >=24}
    peerDependencies:
      '@sveltejs/vite-plugin-svelte': ^6.0.0-next.0
      svelte: ^5.0.0
      vite: ^6.3.0 || ^7.0.0

  '@sveltejs/vite-plugin-svelte@6.2.4':
    resolution: {integrity: sha512-ou/d51QSdTyN26D7h6dSpusAKaZkAiGM55/AKYi+9AGZw7q85hElbjK3kEyzXHhLSnRISHOYzVge6x0jRZ7DXA==}
    engines: {node: ^20.19 || ^22.12 || >=24}
    peerDependencies:
      svelte: ^5.0.0
      vite: ^6.3.0 || ^7.0.0

  '@tsconfig/svelte@5.0.6':
    resolution: {integrity: sha512-yGxYL0I9eETH1/DR9qVJey4DAsCdeau4a9wYPKuXfEhm8lFO8wg+LLYJjIpAm6Fw7HSlhepPhYPDop75485yWQ==}

  '@tybys/wasm-util@0.10.1':
    resolution: {integrity: sha512-9tTaPJLSiejZKx+Bmog4uSubteqTvFrVrURwkmHixBo0G4seD0zUxp98E1DzUBJxLQ3NPwXrGKDiVjwx/DpPsg==}

  '@types/estree@1.0.8':
    resolution: {integrity: sha512-dWHzHa2WqEXI/O1E9OjrocMTKJl2mSrEolh1Iomrv6U+JuNwaHXsXx9bLu5gG7BUWFIN0skIQJQ/L1rIex4X6w==}

  '@types/linkify-it@5.0.0':
    resolution: {integrity: sha512-sVDA58zAw4eWAffKOaQH5/5j3XeayukzDk+ewSsnv3p4yJEZHCCzMDiZM8e0OUrRvmpGZ85jf4yDHkHsgBNr9Q==}

  '@types/markdown-it@14.1.2':
    resolution: {integrity: sha512-promo4eFwuiW+TfGxhi+0x3czqTYJkG8qB17ZUJiVF10Xm7NLVRSLUsfRTU/6h1e24VvRnXCx+hG7li58lkzog==}

  '@types/mdurl@2.0.0':
    resolution: {integrity: sha512-RGdgjQUZba5p6QEFAVx2OGb8rQDL/cPRG7GiedRzMcJ1tYnUANBncjbSB1NRGwbvjcPeikRABz2nshyPk1bhWg==}

  '@types/node@24.10.7':
    resolution: {integrity: sha512-+054pVMzVTmRQV8BhpGv3UyfZ2Llgl8rdpDTon+cUH9+na0ncBVXj3wTUKh14+Kiz18ziM3b4ikpP5/Pc0rQEQ==}

  acorn@8.15.0:
    resolution: {integrity: sha512-NZyJarBfL7nWwIq+FDL6Zp/yHEhePMNnnJ0y3qfieCrmNvYct8uvtiV41UvlSe6apAfk0fY1FbWx+NwfmpvtTg==}
    engines: {node: '>=0.4.0'}
    hasBin: true

  argparse@2.0.1:
    resolution: {integrity: sha512-8+9WqebbFzpX9OR+Wa6O29asIogeRMzcGtAINdpMHHyAg10f05aSFVBbcEqGf/PXw1EjAZ+q2/bEBg3DvurK3Q==}

  aria-query@5.3.2:
    resolution: {integrity: sha512-COROpnaoap1E2F000S62r6A60uHZnmlvomhfyT2DlTcrY1OrBKn2UhH7qn5wTC9zMvD0AY7csdPSNwKP+7WiQw==}
    engines: {node: '>= 0.4'}

  axobject-query@4.1.0:
    resolution: {integrity: sha512-qIj0G9wZbMGNLjLmg1PT6v2mE9AH2zlnADJD/2tC6E00hgmhUOfEB6greHPAfLRSufHqROIUTkw6E+M3lH0PTQ==}
    engines: {node: '>= 0.4'}

  chokidar@4.0.3:
    resolution: {integrity: sha512-Qgzu8kfBvo+cA4962jnP1KkS6Dop5NS6g7R5LFYJr4b8Ub94PPQXUksCw9PvXoeXPRRddRNC5C1JQUR2SMGtnA==}
    engines: {node: '>= 14.16.0'}

  chokidar@5.0.0:
    resolution: {integrity: sha512-TQMmc3w+5AxjpL8iIiwebF73dRDF4fBIieAqGn9RGCWaEVwQ6Fb2cGe31Yns0RRIzii5goJ1Y7xbMwo1TxMplw==}
    engines: {node: '>= 20.19.0'}

  clsx@2.1.1:
    resolution: {integrity: sha512-eYm0QWBtUrBWZWG0d386OGAw16Z995PiOVo2B7bjWSbHedGl5e0ZWaq65kOGgUSNesEIDkB9ISbTg/JK9dhCZA==}
    engines: {node: '>=6'}

  copy-anything@2.0.6:
    resolution: {integrity: sha512-1j20GZTsvKNkc4BY3NpMOM8tt///wY3FpIzozTOFO2ffuZcV61nojHXVKIy3WM+7ADCy5FVhdZYHYDdgTU0yJw==}

  deepmerge@4.3.1:
    resolution: {integrity: sha512-3sUqbMEc77XqpdNO7FRyRog+eW3ph+GYCbj+rK+uYyRMuwsVy0rMiVtPn+QJlKFvWP/1PYpapqYn0Me2knFn+A==}
    engines: {node: '>=0.10.0'}

  detect-libc@2.1.2:
    resolution: {integrity: sha512-Btj2BOOO83o3WyH59e8MgXsxEQVcarkUOpEYrubB0urwnN10yQ364rsiByU11nZlqWYZm05i/of7io4mzihBtQ==}
    engines: {node: '>=8'}

  devalue@5.6.1:
    resolution: {integrity: sha512-jDwizj+IlEZBunHcOuuFVBnIMPAEHvTsJj0BcIp94xYguLRVBcXO853px/MyIJvbVzWdsGvrRweIUWJw8hBP7A==}

  entities@4.5.0:
    resolution: {integrity: sha512-V0hjH4dGPh9Ao5p0MoRY6BVqtwCjhz6vI5LT8AJ55H+4g9/4vbHx1I54fS0XuclLhDHArPQCiMjDxjaL8fPxhw==}
    engines: {node: '>=0.12'}

  errno@0.1.8:
    resolution: {integrity: sha512-dJ6oBr5SQ1VSd9qkk7ByRgb/1SH4JZjCHSW/mr63/QcXO9zLVxvJ6Oy13nio03rxpSnVDDjFor75SjVeZWPW/A==}
    hasBin: true

  esm-env@1.2.2:
    resolution: {integrity: sha512-Epxrv+Nr/CaL4ZcFGPJIYLWFom+YeV1DqMLHJoEd9SYRxNbaFruBwfEX/kkHUJf55j2+TUbmDcmuilbP1TmXHA==}

  esrap@2.2.1:
    resolution: {integrity: sha512-GiYWG34AN/4CUyaWAgunGt0Rxvr1PTMlGC0vvEov/uOQYWne2bpN03Um+k8jT+q3op33mKouP2zeJ6OlM+qeUg==}

  fdir@6.5.0:
    resolution: {integrity: sha512-tIbYtZbucOs0BRGqPJkshJUYdL+SDH7dVM8gjy+ERp3WAUjLEFJE+02kanyHtwjWOnwrKYBiwAmM0p4kLJAnXg==}
    engines: {node: '>=12.0.0'}
    peerDependencies:
      picomatch: ^3 || ^4
    peerDependenciesMeta:
      picomatch:
        optional: true

  fsevents@2.3.3:
    resolution: {integrity: sha512-5xoDfX+fL7faATnagmWPpbFtwh/R77WmMMqqHGS65C3vvB0YHrgF+B1YmZ3441tMj5n63k0212XNoJwzlhffQw==}
    engines: {node: ^8.16.0 || ^10.6.0 || >=11.0.0}
    os: [darwin]

  graceful-fs@4.2.11:
    resolution: {integrity: sha512-RbJ5/jmFcNNCcDV5o9eTnBLJ/HszWV0P73bc+Ff4nS/rJj+YaS6IGyiOL0VoBYX+l1Wrl3k63h/KrH+nhJ0XvQ==}

  highlight.js@11.11.1:
    resolution: {integrity: sha512-Xwwo44whKBVCYoliBQwaPvtd/2tYFkRQtXDWj1nackaV2JPXx3L0+Jvd8/qCJ2p+ML0/XVkJ2q+Mr+UVdpJK5w==}
    engines: {node: '>=12.0.0'}

  iconv-lite@0.6.3:
    resolution: {integrity: sha512-4fCk79wshMdzMp2rH06qWrJE4iolqLhCUH+OiuIgU++RB0+94NlDL81atO7GX55uUKueo0txHNtvEyI6D7WdMw==}
    engines: {node: '>=0.10.0'}

  image-size@0.5.5:
    resolution: {integrity: sha512-6TDAlDPZxUFCv+fuOkIoXT/V/f3Qbq8e37p+YOiYrUv3v9cc3/6x78VdfPgFVaB9dZYeLUfKgHRebpkm/oP2VQ==}
    engines: {node: '>=0.10.0'}
    hasBin: true

  immutable@5.1.4:
    resolution: {integrity: sha512-p6u1bG3YSnINT5RQmx/yRZBpenIl30kVxkTLDyHLIMk0gict704Q9n+thfDI7lTRm9vXdDYutVzXhzcThxTnXA==}

  is-extglob@2.1.1:
    resolution: {integrity: sha512-SbKbANkN603Vi4jEZv49LeVJMn4yGwsbzZworEoyEiutsN3nJYdbO36zfhGJ6QEDpOZIFkDtnq5JRxmvl3jsoQ==}
    engines: {node: '>=0.10.0'}

  is-glob@4.0.3:
    resolution: {integrity: sha512-xelSayHH36ZgE7ZWhli7pW34hNbNl8Ojv5KVmkJD4hBdD3th8Tfk9vYasLM+mXWOZhFkgZfxhLSnrwRr4elSSg==}
    engines: {node: '>=0.10.0'}

  is-reference@3.0.3:
    resolution: {integrity: sha512-ixkJoqQvAP88E6wLydLGGqCJsrFUnqoH6HnaczB8XmDH1oaWU+xxdptvikTgaEhtZ53Ky6YXiBuUI2WXLMCwjw==}

  is-what@3.14.1:
    resolution: {integrity: sha512-sNxgpk9793nzSs7bA6JQJGeIuRBQhAaNGG77kzYQgMkrID+lS6SlK07K5LaptscDlSaIgH+GPFzf+d75FVxozA==}

  less@4.5.1:
    resolution: {integrity: sha512-UKgI3/KON4u6ngSsnDADsUERqhZknsVZbnuzlRZXLQCmfC/MDld42fTydUE9B+Mla1AL6SJ/Pp6SlEFi/AVGfw==}
    engines: {node: '>=14'}
    hasBin: true

  lightningcss-android-arm64@1.30.2:
    resolution: {integrity: sha512-BH9sEdOCahSgmkVhBLeU7Hc9DWeZ1Eb6wNS6Da8igvUwAe0sqROHddIlvU06q3WyXVEOYDZ6ykBZQnjTbmo4+A==}
    engines: {node: '>= 12.0.0'}
    cpu: [arm64]
    os: [android]

  lightningcss-darwin-arm64@1.30.2:
    resolution: {integrity: sha512-ylTcDJBN3Hp21TdhRT5zBOIi73P6/W0qwvlFEk22fkdXchtNTOU4Qc37SkzV+EKYxLouZ6M4LG9NfZ1qkhhBWA==}
    engines: {node: '>= 12.0.0'}
    cpu: [arm64]
    os: [darwin]

  lightningcss-darwin-x64@1.30.2:
    resolution: {integrity: sha512-oBZgKchomuDYxr7ilwLcyms6BCyLn0z8J0+ZZmfpjwg9fRVZIR5/GMXd7r9RH94iDhld3UmSjBM6nXWM2TfZTQ==}
    engines: {node: '>= 12.0.0'}
    cpu: [x64]
    os: [darwin]

  lightningcss-freebsd-x64@1.30.2:
    resolution: {integrity: sha512-c2bH6xTrf4BDpK8MoGG4Bd6zAMZDAXS569UxCAGcA7IKbHNMlhGQ89eRmvpIUGfKWNVdbhSbkQaWhEoMGmGslA==}
    engines: {node: '>= 12.0.0'}
    cpu: [x64]
    os: [freebsd]

  lightningcss-linux-arm-gnueabihf@1.30.2:
    resolution: {integrity: sha512-eVdpxh4wYcm0PofJIZVuYuLiqBIakQ9uFZmipf6LF/HRj5Bgm0eb3qL/mr1smyXIS1twwOxNWndd8z0E374hiA==}
    engines: {node: '>= 12.0.0'}
    cpu: [arm]
    os: [linux]

  lightningcss-linux-arm64-gnu@1.30.2:
    resolution: {integrity: sha512-UK65WJAbwIJbiBFXpxrbTNArtfuznvxAJw4Q2ZGlU8kPeDIWEX1dg3rn2veBVUylA2Ezg89ktszWbaQnxD/e3A==}
    engines: {node: '>= 12.0.0'}
    cpu: [arm64]
    os: [linux]

  lightningcss-linux-arm64-musl@1.30.2:
    resolution: {integrity: sha512-5Vh9dGeblpTxWHpOx8iauV02popZDsCYMPIgiuw97OJ5uaDsL86cnqSFs5LZkG3ghHoX5isLgWzMs+eD1YzrnA==}
    engines: {node: '>= 12.0.0'}
    cpu: [arm64]
    os: [linux]

  lightningcss-linux-x64-gnu@1.30.2:
    resolution: {integrity: sha512-Cfd46gdmj1vQ+lR6VRTTadNHu6ALuw2pKR9lYq4FnhvgBc4zWY1EtZcAc6EffShbb1MFrIPfLDXD6Xprbnni4w==}
    engines: {node: '>= 12.0.0'}
    cpu: [x64]
    os: [linux]

  lightningcss-linux-x64-musl@1.30.2:
    resolution: {integrity: sha512-XJaLUUFXb6/QG2lGIW6aIk6jKdtjtcffUT0NKvIqhSBY3hh9Ch+1LCeH80dR9q9LBjG3ewbDjnumefsLsP6aiA==}
    engines: {node: '>= 12.0.0'}
    cpu: [x64]
    os: [linux]

  lightningcss-win32-arm64-msvc@1.30.2:
    resolution: {integrity: sha512-FZn+vaj7zLv//D/192WFFVA0RgHawIcHqLX9xuWiQt7P0PtdFEVaxgF9rjM/IRYHQXNnk61/H/gb2Ei+kUQ4xQ==}
    engines: {node: '>= 12.0.0'}
    cpu: [arm64]
    os: [win32]

  lightningcss-win32-x64-msvc@1.30.2:
    resolution: {integrity: sha512-5g1yc73p+iAkid5phb4oVFMB45417DkRevRbt/El/gKXJk4jid+vPFF/AXbxn05Aky8PapwzZrdJShv5C0avjw==}
    engines: {node: '>= 12.0.0'}
    cpu: [x64]
    os: [win32]

  lightningcss@1.30.2:
    resolution: {integrity: sha512-utfs7Pr5uJyyvDETitgsaqSyjCb2qNRAtuqUeWIAKztsOYdcACf2KtARYXg2pSvhkt+9NfoaNY7fxjl6nuMjIQ==}
    engines: {node: '>= 12.0.0'}

  linkify-it@5.0.0:
    resolution: {integrity: sha512-5aHCbzQRADcdP+ATqnDuhhJ/MRIqDkZX5pyjFHRRysS8vZ5AbqGEoFIb6pYHPZ+L/OC2Lc+xT8uHVVR5CAK/wQ==}

  locate-character@3.0.0:
    resolution: {integrity: sha512-SW13ws7BjaeJ6p7Q6CO2nchbYEc3X3J6WrmTTDto7yMPqVSZTUyY5Tjbid+Ab8gLnATtygYtiDIJGQRRn2ZOiA==}

  magic-string@0.30.21:
    resolution: {integrity: sha512-vd2F4YUyEXKGcLHoq+TEyCjxueSeHnFxyyjNp80yg0XV4vUhnDer/lvvlqM/arB5bXQN5K2/3oinyCRyx8T2CQ==}

  make-dir@2.1.0:
    resolution: {integrity: sha512-LS9X+dc8KLxXCb8dni79fLIIUA5VyZoyjSMCwTluaXA0o27cCK0bhXkpgw+sTXVpPy/lSO57ilRixqk0vDmtRA==}
    engines: {node: '>=6'}

  markdown-it@14.1.0:
    resolution: {integrity: sha512-a54IwgWPaeBCAAsv13YgmALOF1elABB08FxO9i+r4VFk5Vl4pKokRPeX8u5TCgSsPi6ec1otfLjdOpVcgbpshg==}
    hasBin: true

  mdurl@2.0.0:
    resolution: {integrity: sha512-Lf+9+2r+Tdp5wXDXC4PcIBjTDtq4UKjCPMQhKIuzpJNW0b96kVqSwW0bT7FhRSfmAiFYgP+SCRvdrDozfh0U5w==}

  mime@1.6.0:
    resolution: {integrity: sha512-x0Vn8spI+wuJ1O6S7gnbaQg8Pxh4NNHb7KSINmEWKiPE4RKOplvijn+NkmYmmRgP68mc70j2EbeTFRsrswaQeg==}
    engines: {node: '>=4'}
    hasBin: true

  mri@1.2.0:
    resolution: {integrity: sha512-tzzskb3bG8LvYGFF/mDTpq3jpI6Q9wc3LEmBaghu+DdCssd1FakN7Bc0hVNmEyGq1bq3RgfkCb3cmQLpNPOroA==}
    engines: {node: '>=4'}

  nanoid@3.3.11:
    resolution: {integrity: sha512-N8SpfPUnUp1bK+PMYW8qSWdl9U+wwNWI4QKxOYDy9JAro3WMX7p2OeVRF9v+347pnakNevPmiHhNmZ2HbFA76w==}
    engines: {node: ^10 || ^12 || ^13.7 || ^14 || >=15.0.1}
    hasBin: true

  needle@3.3.1:
    resolution: {integrity: sha512-6k0YULvhpw+RoLNiQCRKOl09Rv1dPLr8hHnVjHqdolKwDrdNyk+Hmrthi4lIGPPz3r39dLx0hsF5s40sZ3Us4Q==}
    engines: {node: '>= 4.4.x'}
    hasBin: true

  node-addon-api@7.1.1:
    resolution: {integrity: sha512-5m3bsyrjFWE1xf7nz7YXdN4udnVtXK6/Yfgn5qnahL6bCkf2yKt4k3nuTKAtT4r3IG8JNR2ncsIMdZuAzJjHQQ==}

  obug@2.1.1:
    resolution: {integrity: sha512-uTqF9MuPraAQ+IsnPf366RG4cP9RtUi7MLO1N3KEc+wb0a6yKpeL0lmk2IB1jY5KHPAlTc6T/JRdC/YqxHNwkQ==}

  parse-node-version@1.0.1:
    resolution: {integrity: sha512-3YHlOa/JgH6Mnpr05jP9eDG254US9ek25LyIxZlDItp2iJtwyaXQb57lBYLdT3MowkUFYEV2XXNAYIPlESvJlA==}
    engines: {node: '>= 0.10'}

  picocolors@1.1.1:
    resolution: {integrity: sha512-xceH2snhtb5M9liqDsmEw56le376mTZkEX/jEb/RxNFyegNul7eNslCXP9FDj/Lcu0X8KEyMceP2ntpaHrDEVA==}

  picomatch@4.0.3:
    resolution: {integrity: sha512-5gTmgEY/sqK6gFXLIsQNH19lWb4ebPDLA4SdLP7dsWkIXHWlG66oPuVvXSGFPppYZz8ZDZq0dYYrbHfBCVUb1Q==}
    engines: {node: '>=12'}

  pify@4.0.1:
    resolution: {integrity: sha512-uB80kBFb/tfd68bVleG9T5GGsGPjJrLAUpR5PZIrhBnIaRTQRjqdJSsIKkOP6OAIFbj7GOrcudc5pNjZ+geV2g==}
    engines: {node: '>=6'}

  postcss@8.5.6:
    resolution: {integrity: sha512-3Ybi1tAuwAP9s0r1UQ2J4n5Y0G05bJkpUIO0/bI9MhwmD70S5aTWbXGBwxHrelT+XM1k6dM0pk+SwNkpTRN7Pg==}
    engines: {node: ^10 || ^12 || >=14}

  prr@1.0.1:
    resolution: {integrity: sha512-yPw4Sng1gWghHQWj0B3ZggWUm4qVbPwPFcRG8KyxiU7J2OHFSoEHKS+EZ3fv5l1t9CyCiop6l/ZYeWbrgoQejw==}

  punycode.js@2.3.1:
    resolution: {integrity: sha512-uxFIHU0YlHYhDQtV4R9J6a52SLx28BCjT+4ieh7IGbgwVJWO+km431c4yRlREUAsAmt/uMjQUyQHNEPf0M39CA==}
    engines: {node: '>=6'}

  readdirp@4.1.2:
    resolution: {integrity: sha512-GDhwkLfywWL2s6vEjyhri+eXmfH6j1L7JE27WhqLeYzoh/A3DBaYGEj2H/HFZCn/kMfim73FXxEJTw06WtxQwg==}
    engines: {node: '>= 14.18.0'}

  readdirp@5.0.0:
    resolution: {integrity: sha512-9u/XQ1pvrQtYyMpZe7DXKv2p5CNvyVwzUB6uhLAnQwHMSgKMBR62lc7AHljaeteeHXn11XTAaLLUVZYVZyuRBQ==}
    engines: {node: '>= 20.19.0'}

  rolldown-vite@7.2.5:
    resolution: {integrity: sha512-u09tdk/huMiN8xwoiBbig197jKdCamQTtOruSalOzbqGje3jdHiV0njQlAW0YvzoahkirFePNQ4RYlfnRQpXZA==}
    engines: {node: ^20.19.0 || >=22.12.0}
    hasBin: true
    peerDependencies:
      '@types/node': ^20.19.0 || >=22.12.0
      esbuild: ^0.25.0
      jiti: '>=1.21.0'
      less: ^4.0.0
      sass: ^1.70.0
      sass-embedded: ^1.70.0
      stylus: '>=0.54.8'
      sugarss: ^5.0.0
      terser: ^5.16.0
      tsx: ^4.8.1
      yaml: ^2.4.2
    peerDependenciesMeta:
      '@types/node':
        optional: true
      esbuild:
        optional: true
      jiti:
        optional: true
      less:
        optional: true
      sass:
        optional: true
      sass-embedded:
        optional: true
      stylus:
        optional: true
      sugarss:
        optional: true
      terser:
        optional: true
      tsx:
        optional: true
      yaml:
        optional: true

  rolldown@1.0.0-beta.50:
    resolution: {integrity: sha512-JFULvCNl/anKn99eKjOSEubi0lLmNqQDAjyEMME2T4CwezUDL0i6t1O9xZsu2OMehPnV2caNefWpGF+8TnzB6A==}
    engines: {node: ^20.19.0 || >=22.12.0}
    hasBin: true

  sade@1.8.1:
    resolution: {integrity: sha512-xal3CZX1Xlo/k4ApwCFrHVACi9fBqJ7V+mwhBsuf/1IOKbBy098Fex+Wa/5QMubw09pSZ/u8EY8PWgevJsXp1A==}
    engines: {node: '>=6'}

  safer-buffer@2.1.2:
    resolution: {integrity: sha512-YZo3K82SD7Riyi0E1EQPojLz7kpepnSQI9IyPbHHg1XXXevb5dJI7tpyN2ADxGcQbHG7vcyRHk0cbwqcQriUtg==}

  sass@1.97.2:
    resolution: {integrity: sha512-y5LWb0IlbO4e97Zr7c3mlpabcbBtS+ieiZ9iwDooShpFKWXf62zz5pEPdwrLYm+Bxn1fnbwFGzHuCLSA9tBmrw==}
    engines: {node: '>=14.0.0'}
    hasBin: true

  sax@1.4.4:
    resolution: {integrity: sha512-1n3r/tGXO6b6VXMdFT54SHzT9ytu9yr7TaELowdYpMqY/Ao7EnlQGmAQ1+RatX7Tkkdm6hONI2owqNx2aZj5Sw==}
    engines: {node: '>=11.0.0'}

  semver@5.7.2:
    resolution: {integrity: sha512-cBznnQ9KjJqU67B52RMC65CMarK2600WFnbkcaiwWq3xy/5haFJlshgnpjovMVJ+Hff49d8GEn0b87C5pDQ10g==}
    hasBin: true

  source-map-js@1.2.1:
    resolution: {integrity: sha512-UXWMKhLOwVKb728IUtQPXxfYU+usdybtUrK/8uGE8CQMvrhOpwvzDBwj0QhSL7MQc7vIsISBG8VQ8+IDQxpfQA==}
    engines: {node: '>=0.10.0'}

  source-map@0.6.1:
    resolution: {integrity: sha512-UjgapumWlbMhkBgzT7Ykc5YXUT46F0iKu8SGXq0bcwP5dz/h0Plj6enJqjz1Zbq2l5WaqYnrVbwWOWMyF3F47g==}
    engines: {node: '>=0.10.0'}

  svelte-check@4.3.5:
    resolution: {integrity: sha512-e4VWZETyXaKGhpkxOXP+B/d0Fp/zKViZoJmneZWe/05Y2aqSKj3YN2nLfYPJBQ87WEiY4BQCQ9hWGu9mPT1a1Q==}
    engines: {node: '>= 18.0.0'}
    hasBin: true
    peerDependencies:
      svelte: ^4.0.0 || ^5.0.0-next.0
      typescript: '>=5.0.0'

  svelte@5.46.1:
    resolution: {integrity: sha512-ynjfCHD3nP2el70kN5Pmg37sSi0EjOm9FgHYQdC4giWG/hzO3AatzXXJJgP305uIhGQxSufJLuYWtkY8uK/8RA==}
    engines: {node: '>=18'}

  tinyglobby@0.2.15:
    resolution: {integrity: sha512-j2Zq4NyQYG5XMST4cbs02Ak8iJUdxRM0XI5QyxXuZOzKOINmWurp3smXu3y5wDcJrptwpSjgXHzIQxR0omXljQ==}
    engines: {node: '>=12.0.0'}

  tslib@2.8.1:
    resolution: {integrity: sha512-oJFu94HQb+KVduSUQL7wnpmqnfmLsOA/nAh6b6EH0wCEoK0/mPeXU6c3wKDV83MkOuHPRHtSXKKU99IBazS/2w==}

  typescript@5.9.3:
    resolution: {integrity: sha512-jl1vZzPDinLr9eUt3J/t7V6FgNEw9QjvBPdysz9KfQDD41fQrC2Y4vKQdiaUpFT4bXlb1RHhLpp8wtm6M5TgSw==}
    engines: {node: '>=14.17'}
    hasBin: true

  uc.micro@2.1.0:
    resolution: {integrity: sha512-ARDJmphmdvUk6Glw7y9DQ2bFkKBHwQHLi2lsaH6PPmz/Ka9sFOBsBluozhDltWmnv9u/cF6Rt87znRTPV+yp/A==}

  undici-types@7.16.0:
    resolution: {integrity: sha512-Zz+aZWSj8LE6zoxD+xrjh4VfkIG8Ya6LvYkZqtUQGJPZjYl53ypCaUwWqo7eI0x66KBGeRo+mlBEkMSeSZ38Nw==}

  vitefu@1.1.1:
    resolution: {integrity: sha512-B/Fegf3i8zh0yFbpzZ21amWzHmuNlLlmJT6n7bu5e+pCHUKQIfXSYokrqOBGEMMe9UG2sostKQF9mml/vYaWJQ==}
    peerDependencies:
      vite: ^3.0.0 || ^4.0.0 || ^5.0.0 || ^6.0.0 || ^7.0.0-beta.0
    peerDependenciesMeta:
      vite:
        optional: true

  zimmerframe@1.1.4:
    resolution: {integrity: sha512-B58NGBEoc8Y9MWWCQGl/gq9xBCe4IiKM0a2x7GZdQKOW5Exr8S1W24J6OgM1njK8xCRGvAJIL/MxXHf6SkmQKQ==}

snapshots:

  '@emnapi/core@1.8.1':
    dependencies:
      '@emnapi/wasi-threads': 1.1.0
      tslib: 2.8.1
    optional: true

  '@emnapi/runtime@1.8.1':
    dependencies:
      tslib: 2.8.1
    optional: true

  '@emnapi/wasi-threads@1.1.0':
    dependencies:
      tslib: 2.8.1
    optional: true

  '@jridgewell/gen-mapping@0.3.13':
    dependencies:
      '@jridgewell/sourcemap-codec': 1.5.5
      '@jridgewell/trace-mapping': 0.3.31

  '@jridgewell/remapping@2.3.5':
    dependencies:
      '@jridgewell/gen-mapping': 0.3.13
      '@jridgewell/trace-mapping': 0.3.31

  '@jridgewell/resolve-uri@3.1.2': {}

  '@jridgewell/sourcemap-codec@1.5.5': {}

  '@jridgewell/trace-mapping@0.3.31':
    dependencies:
      '@jridgewell/resolve-uri': 3.1.2
      '@jridgewell/sourcemap-codec': 1.5.5

  '@napi-rs/wasm-runtime@1.1.1':
    dependencies:
      '@emnapi/core': 1.8.1
      '@emnapi/runtime': 1.8.1
      '@tybys/wasm-util': 0.10.1
    optional: true

  '@oxc-project/runtime@0.97.0': {}

  '@oxc-project/types@0.97.0': {}

  '@parcel/watcher-android-arm64@2.5.4':
    optional: true

  '@parcel/watcher-darwin-arm64@2.5.4':
    optional: true

  '@parcel/watcher-darwin-x64@2.5.4':
    optional: true

  '@parcel/watcher-freebsd-x64@2.5.4':
    optional: true

  '@parcel/watcher-linux-arm-glibc@2.5.4':
    optional: true

  '@parcel/watcher-linux-arm-musl@2.5.4':
    optional: true

  '@parcel/watcher-linux-arm64-glibc@2.5.4':
    optional: true

  '@parcel/watcher-linux-arm64-musl@2.5.4':
    optional: true

  '@parcel/watcher-linux-x64-glibc@2.5.4':
    optional: true

  '@parcel/watcher-linux-x64-musl@2.5.4':
    optional: true

  '@parcel/watcher-win32-arm64@2.5.4':
    optional: true

  '@parcel/watcher-win32-ia32@2.5.4':
    optional: true

  '@parcel/watcher-win32-x64@2.5.4':
    optional: true

  '@parcel/watcher@2.5.4':
    dependencies:
      detect-libc: 2.1.2
      is-glob: 4.0.3
      node-addon-api: 7.1.1
      picomatch: 4.0.3
    optionalDependencies:
      '@parcel/watcher-android-arm64': 2.5.4
      '@parcel/watcher-darwin-arm64': 2.5.4
      '@parcel/watcher-darwin-x64': 2.5.4
      '@parcel/watcher-freebsd-x64': 2.5.4
      '@parcel/watcher-linux-arm-glibc': 2.5.4
      '@parcel/watcher-linux-arm-musl': 2.5.4
      '@parcel/watcher-linux-arm64-glibc': 2.5.4
      '@parcel/watcher-linux-arm64-musl': 2.5.4
      '@parcel/watcher-linux-x64-glibc': 2.5.4
      '@parcel/watcher-linux-x64-musl': 2.5.4
      '@parcel/watcher-win32-arm64': 2.5.4
      '@parcel/watcher-win32-ia32': 2.5.4
      '@parcel/watcher-win32-x64': 2.5.4
    optional: true

  '@rolldown/binding-android-arm64@1.0.0-beta.50':
    optional: true

  '@rolldown/binding-darwin-arm64@1.0.0-beta.50':
    optional: true

  '@rolldown/binding-darwin-x64@1.0.0-beta.50':
    optional: true

  '@rolldown/binding-freebsd-x64@1.0.0-beta.50':
    optional: true

  '@rolldown/binding-linux-arm-gnueabihf@1.0.0-beta.50':
    optional: true

  '@rolldown/binding-linux-arm64-gnu@1.0.0-beta.50':
    optional: true

  '@rolldown/binding-linux-arm64-musl@1.0.0-beta.50':
    optional: true

  '@rolldown/binding-linux-x64-gnu@1.0.0-beta.50':
    optional: true

  '@rolldown/binding-linux-x64-musl@1.0.0-beta.50':
    optional: true

  '@rolldown/binding-openharmony-arm64@1.0.0-beta.50':
    optional: true

  '@rolldown/binding-wasm32-wasi@1.0.0-beta.50':
    dependencies:
      '@napi-rs/wasm-runtime': 1.1.1
    optional: true

  '@rolldown/binding-win32-arm64-msvc@1.0.0-beta.50':
    optional: true

  '@rolldown/binding-win32-ia32-msvc@1.0.0-beta.50':
    optional: true

  '@rolldown/binding-win32-x64-msvc@1.0.0-beta.50':
    optional: true

  '@rolldown/pluginutils@1.0.0-beta.50': {}

  '@sveltejs/acorn-typescript@1.0.8(acorn@8.15.0)':
    dependencies:
      acorn: 8.15.0

  '@sveltejs/vite-plugin-svelte-inspector@5.0.2(@sveltejs/vite-plugin-svelte@6.2.4(rolldown-vite@7.2.5(@types/node@24.10.7)(less@4.5.1)(sass@1.97.2))(svelte@5.46.1))(rolldown-vite@7.2.5(@types/node@24.10.7)(less@4.5.1)(sass@1.97.2))(svelte@5.46.1)':
    dependencies:
      '@sveltejs/vite-plugin-svelte': 6.2.4(rolldown-vite@7.2.5(@types/node@24.10.7)(less@4.5.1)(sass@1.97.2))(svelte@5.46.1)
      obug: 2.1.1
      svelte: 5.46.1
      vite: rolldown-vite@7.2.5(@types/node@24.10.7)(less@4.5.1)(sass@1.97.2)

  '@sveltejs/vite-plugin-svelte@6.2.4(rolldown-vite@7.2.5(@types/node@24.10.7)(less@4.5.1)(sass@1.97.2))(svelte@5.46.1)':
    dependencies:
      '@sveltejs/vite-plugin-svelte-inspector': 5.0.2(@sveltejs/vite-plugin-svelte@6.2.4(rolldown-vite@7.2.5(@types/node@24.10.7)(less@4.5.1)(sass@1.97.2))(svelte@5.46.1))(rolldown-vite@7.2.5(@types/node@24.10.7)(less@4.5.1)(sass@1.97.2))(svelte@5.46.1)
      deepmerge: 4.3.1
      magic-string: 0.30.21
      obug: 2.1.1
      svelte: 5.46.1
      vite: rolldown-vite@7.2.5(@types/node@24.10.7)(less@4.5.1)(sass@1.97.2)
      vitefu: 1.1.1(rolldown-vite@7.2.5(@types/node@24.10.7)(less@4.5.1)(sass@1.97.2))

  '@tsconfig/svelte@5.0.6': {}

  '@tybys/wasm-util@0.10.1':
    dependencies:
      tslib: 2.8.1
    optional: true

  '@types/estree@1.0.8': {}

  '@types/linkify-it@5.0.0': {}

  '@types/markdown-it@14.1.2':
    dependencies:
      '@types/linkify-it': 5.0.0
      '@types/mdurl': 2.0.0

  '@types/mdurl@2.0.0': {}

  '@types/node@24.10.7':
    dependencies:
      undici-types: 7.16.0

  acorn@8.15.0: {}

  argparse@2.0.1: {}

  aria-query@5.3.2: {}

  axobject-query@4.1.0: {}

  chokidar@4.0.3:
    dependencies:
      readdirp: 4.1.2

  chokidar@5.0.0:
    dependencies:
      readdirp: 5.0.0

  clsx@2.1.1: {}

  copy-anything@2.0.6:
    dependencies:
      is-what: 3.14.1

  deepmerge@4.3.1: {}

  detect-libc@2.1.2: {}

  devalue@5.6.1: {}

  entities@4.5.0: {}

  errno@0.1.8:
    dependencies:
      prr: 1.0.1
    optional: true

  esm-env@1.2.2: {}

  esrap@2.2.1:
    dependencies:
      '@jridgewell/sourcemap-codec': 1.5.5

  fdir@6.5.0(picomatch@4.0.3):
    optionalDependencies:
      picomatch: 4.0.3

  fsevents@2.3.3:
    optional: true

  graceful-fs@4.2.11:
    optional: true

  highlight.js@11.11.1: {}

  iconv-lite@0.6.3:
    dependencies:
      safer-buffer: 2.1.2
    optional: true

  image-size@0.5.5:
    optional: true

  immutable@5.1.4: {}

  is-extglob@2.1.1:
    optional: true

  is-glob@4.0.3:
    dependencies:
      is-extglob: 2.1.1
    optional: true

  is-reference@3.0.3:
    dependencies:
      '@types/estree': 1.0.8

  is-what@3.14.1: {}

  less@4.5.1:
    dependencies:
      copy-anything: 2.0.6
      parse-node-version: 1.0.1
      tslib: 2.8.1
    optionalDependencies:
      errno: 0.1.8
      graceful-fs: 4.2.11
      image-size: 0.5.5
      make-dir: 2.1.0
      mime: 1.6.0
      needle: 3.3.1
      source-map: 0.6.1

  lightningcss-android-arm64@1.30.2:
    optional: true

  lightningcss-darwin-arm64@1.30.2:
    optional: true

  lightningcss-darwin-x64@1.30.2:
    optional: true

  lightningcss-freebsd-x64@1.30.2:
    optional: true

  lightningcss-linux-arm-gnueabihf@1.30.2:
    optional: true

  lightningcss-linux-arm64-gnu@1.30.2:
    optional: true

  lightningcss-linux-arm64-musl@1.30.2:
    optional: true

  lightningcss-linux-x64-gnu@1.30.2:
    optional: true

  lightningcss-linux-x64-musl@1.30.2:
    optional: true

  lightningcss-win32-arm64-msvc@1.30.2:
    optional: true

  lightningcss-win32-x64-msvc@1.30.2:
    optional: true

  lightningcss@1.30.2:
    dependencies:
      detect-libc: 2.1.2
    optionalDependencies:
      lightningcss-android-arm64: 1.30.2
      lightningcss-darwin-arm64: 1.30.2
      lightningcss-darwin-x64: 1.30.2
      lightningcss-freebsd-x64: 1.30.2
      lightningcss-linux-arm-gnueabihf: 1.30.2
      lightningcss-linux-arm64-gnu: 1.30.2
      lightningcss-linux-arm64-musl: 1.30.2
      lightningcss-linux-x64-gnu: 1.30.2
      lightningcss-linux-x64-musl: 1.30.2
      lightningcss-win32-arm64-msvc: 1.30.2
      lightningcss-win32-x64-msvc: 1.30.2

  linkify-it@5.0.0:
    dependencies:
      uc.micro: 2.1.0

  locate-character@3.0.0: {}

  magic-string@0.30.21:
    dependencies:
      '@jridgewell/sourcemap-codec': 1.5.5

  make-dir@2.1.0:
    dependencies:
      pify: 4.0.1
      semver: 5.7.2
    optional: true

  markdown-it@14.1.0:
    dependencies:
      argparse: 2.0.1
      entities: 4.5.0
      linkify-it: 5.0.0
      mdurl: 2.0.0
      punycode.js: 2.3.1
      uc.micro: 2.1.0

  mdurl@2.0.0: {}

  mime@1.6.0:
    optional: true

  mri@1.2.0: {}

  nanoid@3.3.11: {}

  needle@3.3.1:
    dependencies:
      iconv-lite: 0.6.3
      sax: 1.4.4
    optional: true

  node-addon-api@7.1.1:
    optional: true

  obug@2.1.1: {}

  parse-node-version@1.0.1: {}

  picocolors@1.1.1: {}

  picomatch@4.0.3: {}

  pify@4.0.1:
    optional: true

  postcss@8.5.6:
    dependencies:
      nanoid: 3.3.11
      picocolors: 1.1.1
      source-map-js: 1.2.1

  prr@1.0.1:
    optional: true

  punycode.js@2.3.1: {}

  readdirp@4.1.2: {}

  readdirp@5.0.0: {}

  rolldown-vite@7.2.5(@types/node@24.10.7)(less@4.5.1)(sass@1.97.2):
    dependencies:
      '@oxc-project/runtime': 0.97.0
      fdir: 6.5.0(picomatch@4.0.3)
      lightningcss: 1.30.2
      picomatch: 4.0.3
      postcss: 8.5.6
      rolldown: 1.0.0-beta.50
      tinyglobby: 0.2.15
    optionalDependencies:
      '@types/node': 24.10.7
      fsevents: 2.3.3
      less: 4.5.1
      sass: 1.97.2

  rolldown@1.0.0-beta.50:
    dependencies:
      '@oxc-project/types': 0.97.0
      '@rolldown/pluginutils': 1.0.0-beta.50
    optionalDependencies:
      '@rolldown/binding-android-arm64': 1.0.0-beta.50
      '@rolldown/binding-darwin-arm64': 1.0.0-beta.50
      '@rolldown/binding-darwin-x64': 1.0.0-beta.50
      '@rolldown/binding-freebsd-x64': 1.0.0-beta.50
      '@rolldown/binding-linux-arm-gnueabihf': 1.0.0-beta.50
      '@rolldown/binding-linux-arm64-gnu': 1.0.0-beta.50
      '@rolldown/binding-linux-arm64-musl': 1.0.0-beta.50
      '@rolldown/binding-linux-x64-gnu': 1.0.0-beta.50
      '@rolldown/binding-linux-x64-musl': 1.0.0-beta.50
      '@rolldown/binding-openharmony-arm64': 1.0.0-beta.50
      '@rolldown/binding-wasm32-wasi': 1.0.0-beta.50
      '@rolldown/binding-win32-arm64-msvc': 1.0.0-beta.50
      '@rolldown/binding-win32-ia32-msvc': 1.0.0-beta.50
      '@rolldown/binding-win32-x64-msvc': 1.0.0-beta.50

  sade@1.8.1:
    dependencies:
      mri: 1.2.0

  safer-buffer@2.1.2:
    optional: true

  sass@1.97.2:
    dependencies:
      chokidar: 4.0.3
      immutable: 5.1.4
      source-map-js: 1.2.1
    optionalDependencies:
      '@parcel/watcher': 2.5.4

  sax@1.4.4:
    optional: true

  semver@5.7.2:
    optional: true

  source-map-js@1.2.1: {}

  source-map@0.6.1:
    optional: true

  svelte-check@4.3.5(picomatch@4.0.3)(svelte@5.46.1)(typescript@5.9.3):
    dependencies:
      '@jridgewell/trace-mapping': 0.3.31
      chokidar: 4.0.3
      fdir: 6.5.0(picomatch@4.0.3)
      picocolors: 1.1.1
      sade: 1.8.1
      svelte: 5.46.1
      typescript: 5.9.3
    transitivePeerDependencies:
      - picomatch

  svelte@5.46.1:
    dependencies:
      '@jridgewell/remapping': 2.3.5
      '@jridgewell/sourcemap-codec': 1.5.5
      '@sveltejs/acorn-typescript': 1.0.8(acorn@8.15.0)
      '@types/estree': 1.0.8
      acorn: 8.15.0
      aria-query: 5.3.2
      axobject-query: 4.1.0
      clsx: 2.1.1
      devalue: 5.6.1
      esm-env: 1.2.2
      esrap: 2.2.1
      is-reference: 3.0.3
      locate-character: 3.0.0
      magic-string: 0.30.21
      zimmerframe: 1.1.4

  tinyglobby@0.2.15:
    dependencies:
      fdir: 6.5.0(picomatch@4.0.3)
      picomatch: 4.0.3

  tslib@2.8.1: {}

  typescript@5.9.3: {}

  uc.micro@2.1.0: {}

  undici-types@7.16.0: {}

  vitefu@1.1.1(rolldown-vite@7.2.5(@types/node@24.10.7)(less@4.5.1)(sass@1.97.2)):
    optionalDependencies:
      vite: rolldown-vite@7.2.5(@types/node@24.10.7)(less@4.5.1)(sass@1.97.2)

  zimmerframe@1.1.4: {}
